
Microsoft Visual Studio Solution File, Format Version 12.00
# Visual Studio Version 16
VisualStudioVersion = 16.0.31911.196
MinimumVisualStudioVersion = 10.0.40219.1
Project("{FAE04EC0-301F-11D3-BF4B-00C04F79EFBC}") = "Atlas", "Atlas.csproj", "{2BA127CD-0A7D-4D51-AC49-FBF2F5EFBF39}"
EndProject
Global
	GlobalSection(SolutionConfigurationPlatforms) = preSolution
		Debug|Any CPU = Debug|Any CPU
		Release|Any CPU = Release|Any CPU
	EndGlobalSection
	GlobalSection(ProjectConfigurationPlatforms) = postSolution
		{2BA127CD-0A7D-4D51-AC49-FBF2F5EFBF39}.Debug|Any CPU.ActiveCfg = Debug|Any CPU
		{2BA127CD-0A7D-4D51-AC49-FBF2F5EFBF39}.Debug|Any CPU.Build.0 = Debug|Any CPU
		{2BA127CD-0A7D-4D51-AC49-FBF2F5EFBF39}.Release|Any CPU.ActiveCfg = Release|Any CPU
		{2BA127CD-0A7D-4D51-AC49-FBF2F5EFBF39}.Release|Any CPU.Build.0 = Release|Any CPU
	EndGlobalSection
	GlobalSection(SolutionProperties) = preSolution
		HideSolutionNode = FALSE
	EndGlobalSection
	GlobalSection(ExtensibilityGlobals) = postSolution
		SolutionGuid = {15B8D127-3F3F-4F21-9D98-718D638FB8B6}
	EndGlobalSection
EndGlobal
